
Microsoft Visual Studio Solution File, Format Version 12.00
# Visual Studio 15
VisualStudioVersion = 15.0.27130.2036
MinimumVisualStudioVersion = 10.0.40219.1
Project("{2150E333-8FDC-42A3-9474-1A3956D46DE8}") = "RWR", "RWR", "{87D7268A-5789-4340-A70C-89DFC4375EA4}"
EndProject
Project("{2150E333-8FDC-42A3-9474-1A3956D46DE8}") = "Source", "Source", "{4A80ADC7-40D7-4487-A542-3B877083C550}"
EndProject
Project("{2150E333-8FDC-42A3-9474-1A3956D46DE8}") = "Tests", "Tests", "{34DEEE13-39BE-43D8-A431-541EF6922D48}"
EndProject
Project("{2150E333-8FDC-42A3-9474-1A3956D46DE8}") = "Business Logic", "Business Logic", "{4D5D5E21-F23C-44B8-939A-A6F0328B7E9E}"
EndProject
Project("{2150E333-8FDC-42A3-9474-1A3956D46DE8}") = "Service Interface", "Service Interface", "{88AE5E0C-C776-4826-819A-7DB90C0AF676}"
EndProject
Project("{2150E333-8FDC-42A3-9474-1A3956D46DE8}") = "User Interface", "User Interface", "{E088EDF2-C93C-4E22-BDD5-F3E9188DE932}"
EndProject
Project("{FAE04EC0-301F-11D3-BF4B-00C04F79EFBC}") = "RWR.Common", "RWR.Common\RWR.Common.csproj", "{13391A55-7D98-448F-959B-DA89338C34A3}"
EndProject
Project("{FAE04EC0-301F-11D3-BF4B-00C04F79EFBC}") = "RWR.IssueTracker.DSBO", "RWR.IssueTracker.DSBO\RWR.IssueTracker.DSBO.csproj", "{24EE0A59-2AD8-4267-BECB-A1714102A89D}"
EndProject
Project("{FAE04EC0-301F-11D3-BF4B-00C04F79EFBC}") = "RWR.Windows.Components.DSBO", "RWR.Windows.Components.DSBO\RWR.Windows.Components.DSBO.csproj", "{C8C7BB4C-593C-49C9-B5AC-0CE13CD5A100}"
EndProject
Project("{FAE04EC0-301F-11D3-BF4B-00C04F79EFBC}") = "RWR.FaultContracts", "RWR.FaultContracts\RWR.FaultContracts.csproj", "{F4B64DA2-2FBB-4A5A-9A6A-69134A3E55DF}"
EndProject
Project("{FAE04EC0-301F-11D3-BF4B-00C04F79EFBC}") = "RWR.MessageContracts", "RWR.MessageContracts\RWR.MessageContracts.csproj", "{327D9FA1-21D0-45D9-93E9-0BA44F311445}"
EndProject
Project("{FAE04EC0-301F-11D3-BF4B-00C04F79EFBC}") = "RWR.ServiceContracts", "RWR.ServiceContracts\RWR.ServiceContracts.csproj", "{FE927589-BEC9-406A-99C1-8539AF3F84CA}"
EndProject
Project("{FAE04EC0-301F-11D3-BF4B-00C04F79EFBC}") = "RWR.ServiceImplementation", "RWR.ServiceImplementation\RWR.ServiceImplementation.csproj", "{70A34C15-B1CA-4809-9D0C-E85B0066AB94}"
EndProject
Project("{FAE04EC0-301F-11D3-BF4B-00C04F79EFBC}") = "RWR.IssueTracker.UI", "RWR.IssueTracker.UI\RWR.IssueTracker.UI.csproj", "{ED625E2E-D167-469C-801D-1093D0E4520C}"
EndProject
Project("{FAE04EC0-301F-11D3-BF4B-00C04F79EFBC}") = "RWR.Windows.Components", "RWR.Windows.Components\RWR.Windows.Components.csproj", "{8C73BBDD-CBDF-4EE3-96FB-88B3BCF3C101}"
EndProject
Project("{E24C65DC-7377-472B-9ABA-BC803B73C61A}") = "RWR.Web.Services", "RWR.Web.Services\", "{60635A24-DF57-481A-AEE0-C47CE30B4A48}"
	ProjectSection(WebsiteProperties) = preProject
		SccProjectName = ""
		SccAuxPath = ""
		SccLocalPath = ""
		SccProvider = ""
		TargetFrameworkMoniker = ".NETFramework,Version%3Dv4.0"
		ProjectReferences = "{13391A55-7D98-448F-959B-DA89338C34A3}|RWR.Common.dll;{327D9FA1-21D0-45D9-93E9-0BA44F311445}|RWR.MessageContracts.dll;{70A34C15-B1CA-4809-9D0C-E85B0066AB94}|RWR.ServiceImplementation.dll;{FE927589-BEC9-406A-99C1-8539AF3F84CA}|RWR.ServiceContracts.dll;{F4B64DA2-2FBB-4A5A-9A6A-69134A3E55DF}|RWR.FaultContracts.dll;{C8C7BB4C-593C-49C9-B5AC-0CE13CD5A100}|RWR.Windows.Components.DSBO.dll;{24EE0A59-2AD8-4267-BECB-A1714102A89D}|RWR.IssueTracker.DSBO.dll;"
		Debug.AspNetCompiler.VirtualPath = "/RWR.Web.Services"
		Debug.AspNetCompiler.PhysicalPath = "RWR.Web.Services\"
		Debug.AspNetCompiler.TargetPath = "PrecompiledWeb\RWR.Web.Services\"
		Debug.AspNetCompiler.Updateable = "true"
		Debug.AspNetCompiler.ForceOverwrite = "true"
		Debug.AspNetCompiler.FixedNames = "false"
		Debug.AspNetCompiler.Debug = "True"
		Release.AspNetCompiler.VirtualPath = "/RWR.Web.Services"
		Release.AspNetCompiler.PhysicalPath = "RWR.Web.Services\"
		Release.AspNetCompiler.TargetPath = "PrecompiledWeb\RWR.Web.Services\"
		Release.AspNetCompiler.Updateable = "true"
		Release.AspNetCompiler.ForceOverwrite = "true"
		Release.AspNetCompiler.FixedNames = "false"
		Release.AspNetCompiler.Debug = "False"
		VWDPort = "63078"
		VWDDynamicPort = "true"
		SlnRelativePath = "RWR.Web.Services\"
	EndProjectSection
EndProject
Project("{FAE04EC0-301F-11D3-BF4B-00C04F79EFBC}") = "RWR.Client", "RWR.Client\RWR.Client.csproj", "{123CCD13-F2F5-44B0-98FB-AF11AF29C524}"
EndProject
Project("{FAE04EC0-301F-11D3-BF4B-00C04F79EFBC}") = "RWR.Host", "RWR.Host\RWR.Host.csproj", "{B6393C7D-85B7-45A4-9DBE-D25FF2B83767}"
EndProject
Project("{FAE04EC0-301F-11D3-BF4B-00C04F79EFBC}") = "RWR.IssueTracker.DSBO.Tests", "RWR.IssueTracker.DSBO.Tests\RWR.IssueTracker.DSBO.Tests.csproj", "{EF672CA7-3593-4C8F-A425-4EAA8A974528}"
EndProject
Project("{FAE04EC0-301F-11D3-BF4B-00C04F79EFBC}") = "RWR.Windows.Components.DSBO.Tests", "RWR.Windows.Components.DSBO.Tests\RWR.Windows.Components.DSBO.Tests.csproj", "{DB08EA4C-BBA2-49AA-9D87-91CA896626DD}"
EndProject
Project("{FAE04EC0-301F-11D3-BF4B-00C04F79EFBC}") = "RWR.Windows.Components.Tests", "RWR.Windows.Components.Tests\RWR.Windows.Components.Tests.csproj", "{169721D7-4E2B-4D94-9C41-D549A18D8664}"
EndProject
Global
	GlobalSection(SolutionConfigurationPlatforms) = preSolution
		Debug|Any CPU = Debug|Any CPU
		Release|Any CPU = Release|Any CPU
	EndGlobalSection
	GlobalSection(ProjectConfigurationPlatforms) = postSolution
		{13391A55-7D98-448F-959B-DA89338C34A3}.Debug|Any CPU.ActiveCfg = Debug|Any CPU
		{13391A55-7D98-448F-959B-DA89338C34A3}.Debug|Any CPU.Build.0 = Debug|Any CPU
		{13391A55-7D98-448F-959B-DA89338C34A3}.Release|Any CPU.ActiveCfg = Release|Any CPU
		{13391A55-7D98-448F-959B-DA89338C34A3}.Release|Any CPU.Build.0 = Release|Any CPU
		{24EE0A59-2AD8-4267-BECB-A1714102A89D}.Debug|Any CPU.ActiveCfg = Debug|Any CPU
		{24EE0A59-2AD8-4267-BECB-A1714102A89D}.Debug|Any CPU.Build.0 = Debug|Any CPU
		{24EE0A59-2AD8-4267-BECB-A1714102A89D}.Release|Any CPU.ActiveCfg = Release|Any CPU
		{24EE0A59-2AD8-4267-BECB-A1714102A89D}.Release|Any CPU.Build.0 = Release|Any CPU
		{C8C7BB4C-593C-49C9-B5AC-0CE13CD5A100}.Debug|Any CPU.ActiveCfg = Debug|Any CPU
		{C8C7BB4C-593C-49C9-B5AC-0CE13CD5A100}.Debug|Any CPU.Build.0 = Debug|Any CPU
		{C8C7BB4C-593C-49C9-B5AC-0CE13CD5A100}.Release|Any CPU.ActiveCfg = Release|Any CPU
		{C8C7BB4C-593C-49C9-B5AC-0CE13CD5A100}.Release|Any CPU.Build.0 = Release|Any CPU
		{F4B64DA2-2FBB-4A5A-9A6A-69134A3E55DF}.Debug|Any CPU.ActiveCfg = Debug|Any CPU
		{F4B64DA2-2FBB-4A5A-9A6A-69134A3E55DF}.Debug|Any CPU.Build.0 = Debug|Any CPU
		{F4B64DA2-2FBB-4A5A-9A6A-69134A3E55DF}.Release|Any CPU.ActiveCfg = Release|Any CPU
		{F4B64DA2-2FBB-4A5A-9A6A-69134A3E55DF}.Release|Any CPU.Build.0 = Release|Any CPU
		{327D9FA1-21D0-45D9-93E9-0BA44F311445}.Debug|Any CPU.ActiveCfg = Debug|Any CPU
		{327D9FA1-21D0-45D9-93E9-0BA44F311445}.Debug|Any CPU.Build.0 = Debug|Any CPU
		{327D9FA1-21D0-45D9-93E9-0BA44F311445}.Release|Any CPU.ActiveCfg = Release|Any CPU
		{327D9FA1-21D0-45D9-93E9-0BA44F311445}.Release|Any CPU.Build.0 = Release|Any CPU
		{FE927589-BEC9-406A-99C1-8539AF3F84CA}.Debug|Any CPU.ActiveCfg = Debug|Any CPU
		{FE927589-BEC9-406A-99C1-8539AF3F84CA}.Debug|Any CPU.Build.0 = Debug|Any CPU
		{FE927589-BEC9-406A-99C1-8539AF3F84CA}.Release|Any CPU.ActiveCfg = Release|Any CPU
		{FE927589-BEC9-406A-99C1-8539AF3F84CA}.Release|Any CPU.Build.0 = Release|Any CPU
		{70A34C15-B1CA-4809-9D0C-E85B0066AB94}.Debug|Any CPU.ActiveCfg = Debug|Any CPU
		{70A34C15-B1CA-4809-9D0C-E85B0066AB94}.Debug|Any CPU.Build.0 = Debug|Any CPU
		{70A34C15-B1CA-4809-9D0C-E85B0066AB94}.Release|Any CPU.ActiveCfg = Release|Any CPU
		{70A34C15-B1CA-4809-9D0C-E85B0066AB94}.Release|Any CPU.Build.0 = Release|Any CPU
		{ED625E2E-D167-469C-801D-1093D0E4520C}.Debug|Any CPU.ActiveCfg = Debug|Any CPU
		{ED625E2E-D167-469C-801D-1093D0E4520C}.Debug|Any CPU.Build.0 = Debug|Any CPU
		{ED625E2E-D167-469C-801D-1093D0E4520C}.Release|Any CPU.ActiveCfg = Release|Any CPU
		{ED625E2E-D167-469C-801D-1093D0E4520C}.Release|Any CPU.Build.0 = Release|Any CPU
		{8C73BBDD-CBDF-4EE3-96FB-88B3BCF3C101}.Debug|Any CPU.ActiveCfg = Debug|Any CPU
		{8C73BBDD-CBDF-4EE3-96FB-88B3BCF3C101}.Debug|Any CPU.Build.0 = Debug|Any CPU
		{8C73BBDD-CBDF-4EE3-96FB-88B3BCF3C101}.Release|Any CPU.ActiveCfg = Release|Any CPU
		{8C73BBDD-CBDF-4EE3-96FB-88B3BCF3C101}.Release|Any CPU.Build.0 = Release|Any CPU
		{60635A24-DF57-481A-AEE0-C47CE30B4A48}.Debug|Any CPU.ActiveCfg = Debug|Any CPU
		{60635A24-DF57-481A-AEE0-C47CE30B4A48}.Debug|Any CPU.Build.0 = Debug|Any CPU
		{60635A24-DF57-481A-AEE0-C47CE30B4A48}.Release|Any CPU.ActiveCfg = Debug|Any CPU
		{60635A24-DF57-481A-AEE0-C47CE30B4A48}.Release|Any CPU.Build.0 = Debug|Any CPU
		{123CCD13-F2F5-44B0-98FB-AF11AF29C524}.Debug|Any CPU.ActiveCfg = Debug|Any CPU
		{123CCD13-F2F5-44B0-98FB-AF11AF29C524}.Debug|Any CPU.Build.0 = Debug|Any CPU
		{123CCD13-F2F5-44B0-98FB-AF11AF29C524}.Release|Any CPU.ActiveCfg = Release|Any CPU
		{123CCD13-F2F5-44B0-98FB-AF11AF29C524}.Release|Any CPU.Build.0 = Release|Any CPU
		{B6393C7D-85B7-45A4-9DBE-D25FF2B83767}.Debug|Any CPU.ActiveCfg = Debug|Any CPU
		{B6393C7D-85B7-45A4-9DBE-D25FF2B83767}.Debug|Any CPU.Build.0 = Debug|Any CPU
		{B6393C7D-85B7-45A4-9DBE-D25FF2B83767}.Release|Any CPU.ActiveCfg = Release|Any CPU
		{B6393C7D-85B7-45A4-9DBE-D25FF2B83767}.Release|Any CPU.Build.0 = Release|Any CPU
		{EF672CA7-3593-4C8F-A425-4EAA8A974528}.Debug|Any CPU.ActiveCfg = Debug|Any CPU
		{EF672CA7-3593-4C8F-A425-4EAA8A974528}.Debug|Any CPU.Build.0 = Debug|Any CPU
		{EF672CA7-3593-4C8F-A425-4EAA8A974528}.Release|Any CPU.ActiveCfg = Release|Any CPU
		{EF672CA7-3593-4C8F-A425-4EAA8A974528}.Release|Any CPU.Build.0 = Release|Any CPU
		{DB08EA4C-BBA2-49AA-9D87-91CA896626DD}.Debug|Any CPU.ActiveCfg = Debug|Any CPU
		{DB08EA4C-BBA2-49AA-9D87-91CA896626DD}.Debug|Any CPU.Build.0 = Debug|Any CPU
		{DB08EA4C-BBA2-49AA-9D87-91CA896626DD}.Release|Any CPU.ActiveCfg = Release|Any CPU
		{DB08EA4C-BBA2-49AA-9D87-91CA896626DD}.Release|Any CPU.Build.0 = Release|Any CPU
		{169721D7-4E2B-4D94-9C41-D549A18D8664}.Debug|Any CPU.ActiveCfg = Debug|Any CPU
		{169721D7-4E2B-4D94-9C41-D549A18D8664}.Debug|Any CPU.Build.0 = Debug|Any CPU
		{169721D7-4E2B-4D94-9C41-D549A18D8664}.Release|Any CPU.ActiveCfg = Release|Any CPU
		{169721D7-4E2B-4D94-9C41-D549A18D8664}.Release|Any CPU.Build.0 = Release|Any CPU
	EndGlobalSection
	GlobalSection(SolutionProperties) = preSolution
		HideSolutionNode = FALSE
	EndGlobalSection
	GlobalSection(NestedProjects) = preSolution
		{4A80ADC7-40D7-4487-A542-3B877083C550} = {87D7268A-5789-4340-A70C-89DFC4375EA4}
		{34DEEE13-39BE-43D8-A431-541EF6922D48} = {87D7268A-5789-4340-A70C-89DFC4375EA4}
		{4D5D5E21-F23C-44B8-939A-A6F0328B7E9E} = {4A80ADC7-40D7-4487-A542-3B877083C550}
		{88AE5E0C-C776-4826-819A-7DB90C0AF676} = {4A80ADC7-40D7-4487-A542-3B877083C550}
		{E088EDF2-C93C-4E22-BDD5-F3E9188DE932} = {4A80ADC7-40D7-4487-A542-3B877083C550}
		{13391A55-7D98-448F-959B-DA89338C34A3} = {4D5D5E21-F23C-44B8-939A-A6F0328B7E9E}
		{24EE0A59-2AD8-4267-BECB-A1714102A89D} = {4D5D5E21-F23C-44B8-939A-A6F0328B7E9E}
		{C8C7BB4C-593C-49C9-B5AC-0CE13CD5A100} = {4D5D5E21-F23C-44B8-939A-A6F0328B7E9E}
		{F4B64DA2-2FBB-4A5A-9A6A-69134A3E55DF} = {88AE5E0C-C776-4826-819A-7DB90C0AF676}
		{327D9FA1-21D0-45D9-93E9-0BA44F311445} = {88AE5E0C-C776-4826-819A-7DB90C0AF676}
		{FE927589-BEC9-406A-99C1-8539AF3F84CA} = {88AE5E0C-C776-4826-819A-7DB90C0AF676}
		{70A34C15-B1CA-4809-9D0C-E85B0066AB94} = {88AE5E0C-C776-4826-819A-7DB90C0AF676}
		{ED625E2E-D167-469C-801D-1093D0E4520C} = {E088EDF2-C93C-4E22-BDD5-F3E9188DE932}
		{8C73BBDD-CBDF-4EE3-96FB-88B3BCF3C101} = {E088EDF2-C93C-4E22-BDD5-F3E9188DE932}
		{60635A24-DF57-481A-AEE0-C47CE30B4A48} = {88AE5E0C-C776-4826-819A-7DB90C0AF676}
		{123CCD13-F2F5-44B0-98FB-AF11AF29C524} = {34DEEE13-39BE-43D8-A431-541EF6922D48}
		{B6393C7D-85B7-45A4-9DBE-D25FF2B83767} = {34DEEE13-39BE-43D8-A431-541EF6922D48}
		{EF672CA7-3593-4C8F-A425-4EAA8A974528} = {34DEEE13-39BE-43D8-A431-541EF6922D48}
		{DB08EA4C-BBA2-49AA-9D87-91CA896626DD} = {34DEEE13-39BE-43D8-A431-541EF6922D48}
		{169721D7-4E2B-4D94-9C41-D549A18D8664} = {34DEEE13-39BE-43D8-A431-541EF6922D48}
	EndGlobalSection
	GlobalSection(ExtensibilityGlobals) = postSolution
		SolutionGuid = {A556028C-ADD3-4DAB-B46C-F987E1854469}
	EndGlobalSection
EndGlobal
